# This file is automatically @generated by Cargo.
# It is not intended for manual editing.
version = 4

[[package]]
name = "pdfmuse-cli"
version = "0.1.0"
dependencies = [
 "pdfmuse-core",
]

[[package]]
name = "pdfmuse-core"
version = "0.1.0"

[[package]]
name = "pdfmuse-node"
version = "0.1.0"
dependencies = [
 "pdfmuse-core",
]

[[package]]
name = "pdfmuse-python"
version = "0.1.0"
dependencies = [
 "pdfmuse-core",
]

[[package]]
name = "pdfmuse-wasm"
version = "0.1.0"
dependencies = [
 "pdfmuse-core",
]
